
Microsoft Visual Studio Solution File, Format Version 12.00
# Visual Studio Version 17
VisualStudioVersion = 17.4.33213.308
MinimumVisualStudioVersion = 10.0.40219.1
Project("{FAE04EC0-301F-11D3-BF4B-00C04F79EFBC}") = "FileManagerApp", "FileManagerApp\FileManagerApp.csproj", "{9DDED4CA-DAB3-45C7-99DB-E3D80456E19B}"
EndProject
Global
	GlobalSection(SolutionConfigurationPlatforms) = preSolution
		Debug|Any CPU = Debug|Any CPU
		Release|Any CPU = Release|Any CPU
	EndGlobalSection
	GlobalSection(ProjectConfigurationPlatforms) = postSolution
		{9DDED4CA-DAB3-45C7-99DB-E3D80456E19B}.Debug|Any CPU.ActiveCfg = Debug|Any CPU
		{9DDED4CA-DAB3-45C7-99DB-E3D80456E19B}.Debug|Any CPU.Build.0 = Debug|Any CPU
		{9DDED4CA-DAB3-45C7-99DB-E3D80456E19B}.Release|Any CPU.ActiveCfg = Release|Any CPU
		{9DDED4CA-DAB3-45C7-99DB-E3D80456E19B}.Release|Any CPU.Build.0 = Release|Any CPU
	EndGlobalSection
	GlobalSection(SolutionProperties) = preSolution
		HideSolutionNode = FALSE
	EndGlobalSection
	GlobalSection(ExtensibilityGlobals) = postSolution
		SolutionGuid = {A8B4C563-3611-4A40-96F9-7E49179648F4}
	EndGlobalSection
EndGlobal
